
Microsoft Visual Studio Solution File, Format Version 11.00
# Visual Studio 2010
Project("{FAE04EC0-301F-11D3-BF4B-00C04F79EFBC}") = "Tees-Share", "Assembly-CSharp.csproj", "{A82E4B91-A140-5013-29DB-5F4AE9AFCBF4}"
EndProject
Project("{FAE04EC0-301F-11D3-BF4B-00C04F79EFBC}") = "Tees-Share", "Assembly-CSharp-Editor.csproj", "{073725D3-64BD-DB2E-F3F8-38B1DC5F943C}"
EndProject
Global
	GlobalSection(SolutionConfigurationPlatforms) = preSolution
		Debug|Any CPU = Debug|Any CPU
		Release|Any CPU = Release|Any CPU
	EndGlobalSection
	GlobalSection(ProjectConfigurationPlatforms) = postSolution
		{A82E4B91-A140-5013-29DB-5F4AE9AFCBF4}.Debug|Any CPU.ActiveCfg = Debug|Any CPU
		{A82E4B91-A140-5013-29DB-5F4AE9AFCBF4}.Debug|Any CPU.Build.0 = Debug|Any CPU
		{A82E4B91-A140-5013-29DB-5F4AE9AFCBF4}.Release|Any CPU.ActiveCfg = Release|Any CPU
		{A82E4B91-A140-5013-29DB-5F4AE9AFCBF4}.Release|Any CPU.Build.0 = Release|Any CPU
		{073725D3-64BD-DB2E-F3F8-38B1DC5F943C}.Debug|Any CPU.ActiveCfg = Debug|Any CPU
		{073725D3-64BD-DB2E-F3F8-38B1DC5F943C}.Debug|Any CPU.Build.0 = Debug|Any CPU
		{073725D3-64BD-DB2E-F3F8-38B1DC5F943C}.Release|Any CPU.ActiveCfg = Release|Any CPU
		{073725D3-64BD-DB2E-F3F8-38B1DC5F943C}.Release|Any CPU.Build.0 = Release|Any CPU
	EndGlobalSection
	GlobalSection(SolutionProperties) = preSolution
		HideSolutionNode = FALSE
	EndGlobalSection
	GlobalSection(MonoDevelopProperties) = preSolution
		StartupItem = Assembly-CSharp.csproj
	EndGlobalSection
EndGlobal
